lockfile_version: '1'
generated_at: '2026-06-14T21:44:00.707141+00:00'
apm_version: 0.20.0
dependencies:
- repo_url: dotnet/skills
  host: github.com
  resolved_commit: c8be21018fc4ee4c566ed65a313cea56690f8cab
  virtual_path: plugins/dotnet-blazor
  is_virtual: true
  package_type: marketplace_plugin
  deployed_files:
  - .agents/skills/author-component
  - .agents/skills/author-component/SKILL.md
  - .agents/skills/author-component/references/async-programming-rules.md
  - .agents/skills/author-component/references/breaking-down-components.md
  - .agents/skills/author-component/references/component-disposal.md
  - .agents/skills/collect-user-input
  - .agents/skills/collect-user-input/SKILL.md
  - .agents/skills/configure-auth
  - .agents/skills/configure-auth/SKILL.md
  - .agents/skills/coordinate-components
  - .agents/skills/coordinate-components/SKILL.md
  - .agents/skills/create-blazor-project
  - .agents/skills/create-blazor-project/SKILL.md
  - .agents/skills/create-blazor-project/assets/agents-md/auto-global.md
  - .agents/skills/create-blazor-project/assets/agents-md/auto-per-page.md
  - .agents/skills/create-blazor-project/assets/agents-md/server-global.md
  - .agents/skills/create-blazor-project/assets/agents-md/server-per-page.md
  - .agents/skills/create-blazor-project/assets/agents-md/ssr-none.md
  - .agents/skills/create-blazor-project/assets/agents-md/webassembly-global.md
  - .agents/skills/create-blazor-project/assets/agents-md/webassembly-per-page.md
  - .agents/skills/fetch-and-send-data
  - .agents/skills/fetch-and-send-data/SKILL.md
  - .agents/skills/plan-ui-change
  - .agents/skills/plan-ui-change/SKILL.md
  - .agents/skills/support-prerendering
  - .agents/skills/support-prerendering/SKILL.md
  - .agents/skills/use-js-interop
  - .agents/skills/use-js-interop/SKILL.md
  deployed_file_hashes:
    .agents/skills/author-component/SKILL.md: sha256:dd019cae755aac5064ff75cfd6ed6a4a098ab3c9c36c6817432ce70c61ffd279
    .agents/skills/author-component/references/async-programming-rules.md: sha256:ff44a0dead2daddc2f14bc1711bf62f9ac921f1c57e83e7512666b4bdc53b494
    .agents/skills/author-component/references/breaking-down-components.md: sha256:08c9cfcce60da259b07670138b05c684236699900b3a442c44be04ce32f15d00
    .agents/skills/author-component/references/component-disposal.md: sha256:191aa94246826e2849910cafa23346834a05e1be049e68eb6ac0e39198deeeed
    .agents/skills/collect-user-input/SKILL.md: sha256:49d22948cea0ac6f1c1ac8bb29b7e3a912900217336b001e2bd83183eabeb239
    .agents/skills/configure-auth/SKILL.md: sha256:6bf67d5b955f47ac1344cd5fcd366458ffa661e6b12d3e541ae81f30e31a5aba
    .agents/skills/coordinate-components/SKILL.md: sha256:38d12bcb9340c7229fee1dbf0e57583444c297e30d84af98897969b71642b924
    .agents/skills/create-blazor-project/SKILL.md: sha256:5157cd17070468aa1c3e9244f98a3a2a991b50ef0dbdd074387eb61e13c5e813
    .agents/skills/create-blazor-project/assets/agents-md/auto-global.md: sha256:0767969f371da69f994dfe02c4c7756435dcac273c91727a1df3ae9d5d546660
    .agents/skills/create-blazor-project/assets/agents-md/auto-per-page.md: sha256:360d9b8f229e772a2407a4d8a13f43baa5b3b1501f909bf0fa6262a27b923aa5
    .agents/skills/create-blazor-project/assets/agents-md/server-global.md: sha256:49c42bd24d5eefa3ecad0ec9dca72893cc63b0a6ebfc536a47725ce7b15d7196
    .agents/skills/create-blazor-project/assets/agents-md/server-per-page.md: sha256:7863984526ec98627ef8d8c25a4df6b55622c649a11543f76352c0882cabcf05
    .agents/skills/create-blazor-project/assets/agents-md/ssr-none.md: sha256:757ccb7acaa4a5d5050f0eb508e6921f48e7e43324b5689796a8874321a00749
    .agents/skills/create-blazor-project/assets/agents-md/webassembly-global.md: sha256:a0cbc3e9d170f19ae9b539a2c30f501a23cc6911bbf8d4d769f335eb091233a9
    .agents/skills/create-blazor-project/assets/agents-md/webassembly-per-page.md: sha256:5ef5ec779a208299d5b49b7e96cb70e49a829c31937a5ca6e846f48b98b9a076
    .agents/skills/fetch-and-send-data/SKILL.md: sha256:7af26f6f75d8f9521c9d54240f18a75d8bf5dad8d659041aeaf930b9bc42d98f
    .agents/skills/plan-ui-change/SKILL.md: sha256:21e45de7424af23e26f710eea6209767c0ad5302cc53d1b7c926fa3baa5df3c4
    .agents/skills/support-prerendering/SKILL.md: sha256:ba0f2ed0908b1dc6fe30d04600ffd88d79bd2e693f58103fb9bd6b66126024ed
    .agents/skills/use-js-interop/SKILL.md: sha256:6bf1227510ef49d3a3cc30bf7a15c6c300b0df25a964aec66a8012a4f1d113c5
  content_hash: sha256:911b55d8b3b2b22f3498a927d1de5c8bbb8ac0b8c3674171d6def23165e66d10
  discovered_via: dotnet-agent-skills
  marketplace_plugin_name: dotnet-blazor
